<Solution>
  <Project Path="../Lab01/Lab01.csproj" Id="f8dbaec6-a318-4e43-ae20-2c74ef01c716" />
  <Project Path="../TvcLesson02Demo/TvcLesson02Demo.csproj" Id="9a91c1a3-f433-4b63-b73b-74fb39ece3ab" />
  <Project Path="../TvcLessonMVC/TvcLessonMVC.csproj" />
  <Project Path="TvcLesson1.csproj" />
</Solution>
